{
  "name": "blog",
  "lockfileVersion": 2,
  "requires": true,
  "packages": {
    "": {
      "dependencies": {
        "g": "*",
        "live-server": "*"
      }
    },
    "node_modules/g": {},
    "node_modules/live-server": {}
  },
  "dependencies": {
    "g": {},
    "live-server": {}
  }
}
